<Solution>
  <Folder Name="/src/">
    <Project Path="src/Eudiplo.Client/Eudiplo.Client.csproj" />
  </Folder>
  <Folder Name="/tests/">
    <Project Path="tests/Eudiplo.Client.Tests/Eudiplo.Client.Tests.csproj" />
  </Folder>
  <Folder Name="/samples/">
    <Project Path="samples/Eudiplo.Client.Sample/Eudiplo.Client.Sample.csproj" />
    <Project Path="samples/Eudiplo.Client.Sample.AccessControl/Eudiplo.Client.Sample.AccessControl.csproj" />
  </Folder>
</Solution>
